pipelined.dev/signal v0.8.0/go.mod h1:wi0YlA20+rinS9o+7IMZHH3/YsO3jkahHNLSCCfaEA0=
pipelined.dev/signal v0.8.1-0.20200916195153-1318152bf0b1 h1:XKeFW2WmKMaOTQxXiZS6ab5Q8dnRJPmL1c5HlHOtOBI=
pipelined.dev/signal v0.8.1-0.20200916195153-1318152bf0b1/go.mod h1:wi0YlA20+rinS9o+7IMZHH3/YsO3jkahHNLSCCfaEA0=
