github.com/davecgh/go-spew v1.1.0/go.mod h1:J7Y8YcW2NihsgmVo/mv3lAwl/skON4iLHjSsI+c5H38=
github.com/davecgh/go-spew v1.1.1 h1:vj9j/u1bqnvCEfJOwUhtlOARqs3+rkHYY13jYWTU97c=
github.com/davecgh/go-spew v1.1.1/go.mod h1:J7Y8YcW2NihsgmVo/mv3lAwl/skON4iLHjSsI+c5H38=
github.com/gopherjs/gopherjs v0.0.0-20180628210949-0892b62f0d9f/go.mod h1:wJfORRmW1u3UXTncJ5qlYoELFm8eSnnEO6hX4iZ3EWY=
github.com/gopherjs/gopherwasm v0.1.1/go.mod h1:kx4n9a+MzHH0BJJhvlsQ65hqLFXDO/m256AsaDPQ+/4=
github.com/hajimehoshi/go-mp3 v0.1.1 h1:Y33fAdTma70fkrxnc9u50Uq0lV6eZ+bkAlssdMmCwUc=
github.com/hajimehoshi/go-mp3 v0.1.1/go.mod h1:4i+c5pDNKDrxl1iu9iG90/+fhP37lio6gNhjCx9WBJw=
github.com/hajimehoshi/oto v0.1.1/go.mod h1:hUiLWeBQnbDu4pZsAhOnGqMI1ZGibS6e2qhQdfpwz04=
github.com/pipelined/mock v0.0.0-20190217150724-87db8bf19cf0 h1:fuXR+EClun6PS6seq7qRYal4yM9pLpG2AU1VrSveQzg=
github.com/pipelined/mock v0.0.0-20190217150724-87db8bf19cf0/go.mod h1:/1j1qKtUhE/iC8c+oM4QGbGAYOlgVji/Ux+XM+3sqes=
github.com/pipelined/signal v0.0.0-20190214071912-fe6a394c0dc2 h1:pdktGNYMRJl4IA2AqKFNNhItHXNABRIgaCUqPmeP3SM=
github.com/pipelined/signal v0.0.0-20190214071912-fe6a394c0dc2/go.mod h1:2hObqg30KY6FBiLwiO5kvSui/3C2XWCks06RD/A1m7I=
github.com/pipelined/signal v0.0.0-20190217150524-6f12bde3dee3 h1:zl8n0pNon5VcIqHL2MURz/vhj8nyfh/Dk0k+ktmqiT0=
github.com/pipelined/signal v0.0.0-20190217150524-6f12bde3dee3/go.mod h1:2hObqg30KY6FBiLwiO5kvSui/3C2XWCks06RD/A1m7I=
github.com/pmezard/go-difflib v1.0.0 h1:4DBwDE0NGyQoBHbLQYPwSUPoCMWR5BEzIk/f1lZbAQM=
github.com/pmezard/go-difflib v1.0.0/go.mod h1:iKH77koFhYxTK1pcRnkKkqfTogsbg7gZNVY4sRDYZ/4=
github.com/rs/xid v1.2.1 h1:mhH9Nq+C1fY2l1XIpgxIiUOfNpRBYH1kKcr+qfKgjRc=
github.com/rs/xid v1.2.1/go.mod h1:+uKXf+4Djp6Md1KODXJxgGQPKngRmWyn10oCKFzNHOQ=
github.com/stretchr/objx v0.1.0/go.mod h1:HFkY916IF+rwdDfMAkV7OtwuqBVzrE8GR6GFx+wExME=
github.com/stretchr/testify v1.3.0 h1:TivCn/peBQ7UY8ooIcPgZFpTNSz0Q2U6UrFlUfqbe0Q=
github.com/stretchr/testify v1.3.0/go.mod h1:M5WIy9Dh21IEIfnGCwXGc5bZfKNJtfHm1UVUgZn+9EI=
github.com/viert/lame v0.0.0-20190110105750-70ad2f7ac5f2 h1:Ce6+lA34tq3yciTkS0oIX5ymg/3Ene5w+HsyzDBvD9Y=
github.com/viert/lame v0.0.0-20190110105750-70ad2f7ac5f2/go.mod h1:iTcgj2s0jGfKkwHeeiNeBBZyNsW+GaK+B8IzbSvOu2w=
go.uber.org/goleak v0.10.0 h1:G3eWbSNIskeRqtsN/1uI5B+eP73y3JUuBsv9AZjehb4=
go.uber.org/goleak v0.10.0/go.mod h1:VCZuO8V8mFPlL0F5J5GK1rtHV3DrFcQ1R8ryq7FK0aI=
